
Microsoft Visual Studio Solution File, Format Version 12.00
# Visual Studio Version 17
VisualStudioVersion = 17.0.31903.59
MinimumVisualStudioVersion = 10.0.40219.1
Project("{FAE04EC0-301F-11D3-BF4B-00C04F79EFBC}") = "ParkingControl.API", "ParkingControl.API\ParkingControl.API.csproj", "{EE344F85-050B-4FFB-A221-141BF8F2031D}"
EndProject
Project("{FAE04EC0-301F-11D3-BF4B-00C04F79EFBC}") = "ParkingControl.Application", "ParkingControl.Application\ParkingControl.Application.csproj", "{A27254FD-F121-4B0B-810A-7A5ADD084C6E}"
EndProject
Project("{FAE04EC0-301F-11D3-BF4B-00C04F79EFBC}") = "ParkingControl.Domain", "ParkingControl.Domain\ParkingControl.Domain.csproj", "{6F133E1B-C37F-454E-82D0-6F78E962572D}"
EndProject
Project("{FAE04EC0-301F-11D3-BF4B-00C04F79EFBC}") = "ParkingControl.Infrastructure", "ParkingControl.Infrastructure\ParkingControl.Infrastructure.csproj", "{9378CDED-7CD3-416B-A77E-3190E27D8D7E}"
EndProject
Project("{FAE04EC0-301F-11D3-BF4B-00C04F79EFBC}") = "ParkingControl.UnitTests", "ParkingControl.UnitTests\ParkingControl.UnitTests.csproj", "{F67C7041-52E5-4994-A595-5ADD3FC20792}"
EndProject
Project("{FAE04EC0-301F-11D3-BF4B-00C04F79EFBC}") = "ParkingControl.IntegrationTests", "ParkingControl.IntegrationTests\ParkingControl.IntegrationTests.csproj", "{113DE0C1-1999-4811-BA3C-7925914EF76F}"
EndProject
Global
	GlobalSection(SolutionConfigurationPlatforms) = preSolution
		Debug|Any CPU = Debug|Any CPU
		Release|Any CPU = Release|Any CPU
	EndGlobalSection
	GlobalSection(SolutionProperties) = preSolution
		HideSolutionNode = FALSE
	EndGlobalSection
	GlobalSection(ProjectConfigurationPlatforms) = postSolution
		{EE344F85-050B-4FFB-A221-141BF8F2031D}.Debug|Any CPU.ActiveCfg = Debug|Any CPU
		{EE344F85-050B-4FFB-A221-141BF8F2031D}.Debug|Any CPU.Build.0 = Debug|Any CPU
		{EE344F85-050B-4FFB-A221-141BF8F2031D}.Release|Any CPU.ActiveCfg = Release|Any CPU
		{EE344F85-050B-4FFB-A221-141BF8F2031D}.Release|Any CPU.Build.0 = Release|Any CPU
		{A27254FD-F121-4B0B-810A-7A5ADD084C6E}.Debug|Any CPU.ActiveCfg = Debug|Any CPU
		{A27254FD-F121-4B0B-810A-7A5ADD084C6E}.Debug|Any CPU.Build.0 = Debug|Any CPU
		{A27254FD-F121-4B0B-810A-7A5ADD084C6E}.Release|Any CPU.ActiveCfg = Release|Any CPU
		{A27254FD-F121-4B0B-810A-7A5ADD084C6E}.Release|Any CPU.Build.0 = Release|Any CPU
		{6F133E1B-C37F-454E-82D0-6F78E962572D}.Debug|Any CPU.ActiveCfg = Debug|Any CPU
		{6F133E1B-C37F-454E-82D0-6F78E962572D}.Debug|Any CPU.Build.0 = Debug|Any CPU
		{6F133E1B-C37F-454E-82D0-6F78E962572D}.Release|Any CPU.ActiveCfg = Release|Any CPU
		{6F133E1B-C37F-454E-82D0-6F78E962572D}.Release|Any CPU.Build.0 = Release|Any CPU
		{9378CDED-7CD3-416B-A77E-3190E27D8D7E}.Debug|Any CPU.ActiveCfg = Debug|Any CPU
		{9378CDED-7CD3-416B-A77E-3190E27D8D7E}.Debug|Any CPU.Build.0 = Debug|Any CPU
		{9378CDED-7CD3-416B-A77E-3190E27D8D7E}.Release|Any CPU.ActiveCfg = Release|Any CPU
		{9378CDED-7CD3-416B-A77E-3190E27D8D7E}.Release|Any CPU.Build.0 = Release|Any CPU
		{F67C7041-52E5-4994-A595-5ADD3FC20792}.Debug|Any CPU.ActiveCfg = Debug|Any CPU
		{F67C7041-52E5-4994-A595-5ADD3FC20792}.Debug|Any CPU.Build.0 = Debug|Any CPU
		{F67C7041-52E5-4994-A595-5ADD3FC20792}.Release|Any CPU.ActiveCfg = Release|Any CPU
		{F67C7041-52E5-4994-A595-5ADD3FC20792}.Release|Any CPU.Build.0 = Release|Any CPU
		{113DE0C1-1999-4811-BA3C-7925914EF76F}.Debug|Any CPU.ActiveCfg = Debug|Any CPU
		{113DE0C1-1999-4811-BA3C-7925914EF76F}.Debug|Any CPU.Build.0 = Debug|Any CPU
		{113DE0C1-1999-4811-BA3C-7925914EF76F}.Release|Any CPU.ActiveCfg = Release|Any CPU
		{113DE0C1-1999-4811-BA3C-7925914EF76F}.Release|Any CPU.Build.0 = Release|Any CPU
	EndGlobalSection
EndGlobal
